{
  "name": "majadeo",
  "version": "0.1.0",
  "lockfileVersion": 3,
  "requires": true,
  "packages": {
    "": {
      "name": "majadeo",
      "version": "0.1.0",
      "dependencies": {
        "@openai/codex-sdk": "^0.91.0"
      },
      "engines": {
        "node": ">=18"
      }
    },
    "node_modules/@openai/codex-sdk": {
      "version": "0.91.0",
      "resolved": "https://registry.npmjs.org/@openai/codex-sdk/-/codex-sdk-0.91.0.tgz",
      "integrity": "sha512-YYf8QNkpQyuzNgn9Mf9D3G1pp0ObI98ADCNqASBpdlpxqykMyABgQdMRdc4c/l1KdoTnGVkUw0ljXaCHurs5vA==",
      "engines": {
        "node": ">=18"
      }
    }
  }
}
