{
  "name": "majadeo",
  "version": "0.1.0",
  "lockfileVersion": 3,
  "requires": true,
  "packages": {
    "": {
      "name": "majadeo",
      "version": "0.1.0",
      "dependencies": {
        "@openai/codex-sdk": "^0.148.0",
        "jsfuck": "^0.4.0"
      },
      "engines": {
        "node": ">=18"
      }
    },
    "node_modules/@openai/codex": {
      "version": "0.148.0",
      "resolved": "https://registry.npmjs.org/@openai/codex/-/codex-0.148.0.tgz",
      "integrity": "sha512-bh5kH9+BMrFaHGmLeoSansPdfRksvr4UXzjQInns/KRO7r8VJ+6AAW+SqUsE8XcG3+OW/mI4EEy8Gpo9UDXGvQ==",
      "license": "Apache-2.0",
      "bin": {
        "codex": "bin/codex.js"
      },
      "engines": {
        "node": ">=16"
      },
      "optionalDependencies": {
        "@openai/codex-darwin-arm64": "npm:@openai/codex@0.148.0-darwin-arm64",
        "@openai/codex-darwin-x64": "npm:@openai/codex@0.148.0-darwin-x64",
        "@openai/codex-linux-arm64": "npm:@openai/codex@0.148.0-linux-arm64",
        "@openai/codex-linux-x64": "npm:@openai/codex@0.148.0-linux-x64",
        "@openai/codex-win32-arm64": "npm:@openai/codex@0.148.0-win32-arm64",
        "@openai/codex-win32-x64": "npm:@openai/codex@0.148.0-win32-x64"
      }
    },
    "node_modules/@openai/codex-darwin-arm64": {
      "name": "@openai/codex",
      "version": "0.148.0-darwin-arm64",
      "resolved": "https://registry.npmjs.org/@openai/codex/-/codex-0.148.0-darwin-arm64.tgz",
      "integrity": "sha512-xgBPFiF1fHUlRS7HE6wGB56LjBJh16kGD7b4TTbwdVBZNB4QDkTok+vdkAGrfpVkfKcwGNhPSKDgCw+KMZOVug==",
      "cpu": [
        "arm64"
      ],
      "license": "Apache-2.0",
      "optional": true,
      "os": [
        "darwin"
      ],
      "engines": {
        "node": ">=16"
      }
    },
    "node_modules/@openai/codex-darwin-x64": {
      "name": "@openai/codex",
      "version": "0.148.0-darwin-x64",
      "resolved": "https://registry.npmjs.org/@openai/codex/-/codex-0.148.0-darwin-x64.tgz",
      "integrity": "sha512-qepQolhJutfOp+e9i7L3xsi8aoWeCUiiRq274WMWqRj50rKTrXxsuAgkAwDbqEfT3G5VynhYZuQvDsW37JgdNQ==",
      "cpu": [
        "x64"
      ],
      "license": "Apache-2.0",
      "optional": true,
      "os": [
        "darwin"
      ],
      "engines": {
        "node": ">=16"
      }
    },
    "node_modules/@openai/codex-linux-arm64": {
      "name": "@openai/codex",
      "version": "0.148.0-linux-arm64",
      "resolved": "https://registry.npmjs.org/@openai/codex/-/codex-0.148.0-linux-arm64.tgz",
      "integrity": "sha512-51DCd+izzk6n4mMh4w2utWj3lTLhSTnCOEJQfRh0LS9nBDkcYZcK3iSKOST6fByRIlLSXuLO33LlYYA1VPot6A==",
      "cpu": [
        "arm64"
      ],
      "license": "Apache-2.0",
      "optional": true,
      "os": [
        "linux"
      ],
      "engines": {
        "node": ">=16"
      }
    },
    "node_modules/@openai/codex-linux-x64": {
      "name": "@openai/codex",
      "version": "0.148.0-linux-x64",
      "resolved": "https://registry.npmjs.org/@openai/codex/-/codex-0.148.0-linux-x64.tgz",
      "integrity": "sha512-uDT9s7AfMr9xLuJX3ZLVWHgHkUpCnZ33CZjZEdVQhrYCIErkDHsCW5TG290nNjaKngK0WxGt5uCcxeUHv9MWWA==",
      "cpu": [
        "x64"
      ],
      "license": "Apache-2.0",
      "optional": true,
      "os": [
        "linux"
      ],
      "engines": {
        "node": ">=16"
      }
    },
    "node_modules/@openai/codex-sdk": {
      "version": "0.148.0",
      "resolved": "https://registry.npmjs.org/@openai/codex-sdk/-/codex-sdk-0.148.0.tgz",
      "integrity": "sha512-NWTd6ZxuwsuNFqFTpONQCnFVCf++g7b8eafScW5Enpv6v2lCXHizpr07iK9U6RFnLEuAP2KFirVUlZnxxY0j6A==",
      "license": "Apache-2.0",
      "dependencies": {
        "@openai/codex": "0.148.0"
      },
      "engines": {
        "node": ">=18"
      }
    },
    "node_modules/@openai/codex-win32-arm64": {
      "name": "@openai/codex",
      "version": "0.148.0-win32-arm64",
      "resolved": "https://registry.npmjs.org/@openai/codex/-/codex-0.148.0-win32-arm64.tgz",
      "integrity": "sha512-a8iOwLzs8UdnlWDHjgK3W/YSBBsUImG8X5XLBjengp3XGJRruhiIsQtUDUOYimCmotKPM4aX7Ub6zjl/KPxMQQ==",
      "cpu": [
        "arm64"
      ],
      "license": "Apache-2.0",
      "optional": true,
      "os": [
        "win32"
      ],
      "engines": {
        "node": ">=16"
      }
    },
    "node_modules/@openai/codex-win32-x64": {
      "name": "@openai/codex",
      "version": "0.148.0-win32-x64",
      "resolved": "https://registry.npmjs.org/@openai/codex/-/codex-0.148.0-win32-x64.tgz",
      "integrity": "sha512-/Jg8eYw0BqTGNUpnrzzWlK2kbu29NWg7t6pnUDEfxqpTUf+mK8r3okXQn60Zjbk9InYZ4d8SwSjrtOa+i5hSPw==",
      "cpu": [
        "x64"
      ],
      "license": "Apache-2.0",
      "optional": true,
      "os": [
        "win32"
      ],
      "engines": {
        "node": ">=16"
      }
    },
    "node_modules/jsfuck": {
      "version": "0.4.0",
      "resolved": "https://registry.npmjs.org/jsfuck/-/jsfuck-0.4.0.tgz",
      "integrity": "sha512-0abJoD5ZnOVXtA2p3EuCmj/jXacYvSTLOWZarJ6Ohj8mzl7fCYdhXICwjSFp7YLUhAZjy82yCIFO6D89CrhAJg==",
      "bin": {
        "jsfuck": "fuck.js"
      }
    }
  }
}
